# THIS IS AN AUTOGENERATED FILE. DO NOT EDIT THIS FILE DIRECTLY.
# yarn lockfile v1


accept@3.x.x:
  version "3.0.2"
  resolved "https://registry.yarnpkg.com/accept/-/accept-3.0.2.tgz#83e41cec7e1149f3fd474880423873db6c6cc9ac"
  dependencies:
    boom "7.x.x"
    hoek "5.x.x"

ammo@3.x.x:
  version "3.0.0"
  resolved "https://registry.yarnpkg.com/ammo/-/ammo-3.0.0.tgz#30f322f70a0904eaee1788f4d26c5be1d72da181"
  dependencies:
    boom "6.x.x"
    hoek "5.x.x"

b64@4.x.x:
  version "4.0.0"
  resolved "https://registry.yarnpkg.com/b64/-/b64-4.0.0.tgz#c37f587f0a383c7019e821120e8c3f58f0d22772"

big-time@2.x.x:
  version "2.0.0"
  resolved "https://registry.yarnpkg.com/big-time/-/big-time-2.0.0.tgz#70193b60faff72c96ed52331b555490e604d7ccc"

boom@6.x.x:
  version "6.0.0"
  resolved "https://registry.yarnpkg.com/boom/-/boom-6.0.0.tgz#9b36c52a12afab3f0e55536131b7fd5021aad0cc"
  dependencies:
    hoek "5.x.x"

boom@7.x.x:
  version "7.1.1"
  resolved "https://registry.yarnpkg.com/boom/-/boom-7.1.1.tgz#50392a4e3417e971f1ad28622c20e832275260bb"
  dependencies:
    hoek "5.x.x"

bounce@1.x.x:
  version "1.2.0"
  resolved "https://registry.yarnpkg.com/bounce/-/bounce-1.2.0.tgz#e3bac68c73fd256e38096551efc09f504873c8c8"
  dependencies:
    boom "7.x.x"
    hoek "5.x.x"

bson@~1.0.4:
  version "1.0.4"
  resolved "https://registry.yarnpkg.com/bson/-/bson-1.0.4.tgz#93c10d39eaa5b58415cbc4052f3e53e562b0b72c"

buffer-shims@~1.0.0:
  version "1.0.0"
  resolved "https://registry.yarnpkg.com/buffer-shims/-/buffer-shims-1.0.0.tgz#9978ce317388c649ad8793028c3477ef044a8b51"

call@5.x.x:
  version "5.0.1"
  resolved "https://registry.yarnpkg.com/call/-/call-5.0.1.tgz#ac1b5c106d9edc2a17af2a4a4f74dd4f0c06e910"
  dependencies:
    boom "7.x.x"
    hoek "5.x.x"

catbox-memory@3.x.x:
  version "3.1.1"
  resolved "https://registry.yarnpkg.com/catbox-memory/-/catbox-memory-3.1.1.tgz#4f398835a3d8f5992c31ddee24378467498a9c9a"
  dependencies:
    big-time "2.x.x"
    boom "7.x.x"
    hoek "5.x.x"

catbox@10.x.x:
  version "10.0.2"
  resolved "https://registry.yarnpkg.com/catbox/-/catbox-10.0.2.tgz#e6ac1f35102d1a9bd07915b82e508d12b50a8bfa"
  dependencies:
    boom "7.x.x"
    bounce "1.x.x"
    hoek "5.x.x"
    joi "13.x.x"

content@4.x.x:
  version "4.0.3"
  resolved "https://registry.yarnpkg.com/content/-/content-4.0.3.tgz#2224e0449e4258617bc5f7fb4dc2f17f321d21fc"
  dependencies:
    boom "7.x.x"

core-util-is@~1.0.0:
  version "1.0.2"
  resolved "https://registry.yarnpkg.com/core-util-is/-/core-util-is-1.0.2.tgz#b5fd54220aa2bc5ab57aab7140c940754503c1a7"

cryptiles@4.x.x:
  version "4.1.1"
  resolved "https://registry.yarnpkg.com/cryptiles/-/cryptiles-4.1.1.tgz#169256b9df9fe3c73f8085c99e30b32247d4ab46"
  dependencies:
    boom "7.x.x"

debug@*:
  version "3.1.0"
  resolved "https://registry.yarnpkg.com/debug/-/debug-3.1.0.tgz#5bb5a0672628b64149566ba16819e61518c67261"
  dependencies:
    ms "2.0.0"

es6-promise@3.2.1:
  version "3.2.1"
  resolved "https://registry.yarnpkg.com/es6-promise/-/es6-promise-3.2.1.tgz#ec56233868032909207170c39448e24449dd1fc4"

hapi@^17.2.0:
  version "17.2.0"
  resolved "https://registry.yarnpkg.com/hapi/-/hapi-17.2.0.tgz#e5d74b65235b443225e05d7b7510cdb80d4887e7"
  dependencies:
    accept "3.x.x"
    ammo "3.x.x"
    boom "7.x.x"
    bounce "1.x.x"
    call "5.x.x"
    catbox "10.x.x"
    catbox-memory "3.x.x"
    heavy "6.x.x"
    hoek "5.x.x"
    joi "13.x.x"
    mimos "4.x.x"
    podium "3.x.x"
    shot "4.x.x"
    statehood "6.x.x"
    subtext "6.x.x"
    teamwork "3.x.x"
    topo "3.x.x"

heavy@6.x.x:
  version "6.1.0"
  resolved "https://registry.yarnpkg.com/heavy/-/heavy-6.1.0.tgz#1bbfa43dc61dd4b543ede3ff87db8306b7967274"
  dependencies:
    boom "7.x.x"
    hoek "5.x.x"
    joi "13.x.x"

hoek@5.x.x:
  version "5.0.2"
  resolved "https://registry.yarnpkg.com/hoek/-/hoek-5.0.2.tgz#d2f2c95d36fe7189cf8aa8c237abc1950eca1378"

inherits@~2.0.1:
  version "2.0.3"
  resolved "https://registry.yarnpkg.com/inherits/-/inherits-2.0.3.tgz#633c2c83e3da42a502f52466022480f4208261de"

iron@5.x.x:
  version "5.0.4"
  resolved "https://registry.yarnpkg.com/iron/-/iron-5.0.4.tgz#003ed822f656f07c2b62762815f5de3947326867"
  dependencies:
    boom "7.x.x"
    cryptiles "4.x.x"
    hoek "5.x.x"

isarray@~1.0.0:
  version "1.0.0"
  resolved "https://registry.yarnpkg.com/isarray/-/isarray-1.0.0.tgz#bb935d48582cba168c06834957a54a3e07124f11"

isemail@3.x.x:
  version "3.1.0"
  resolved "https://registry.yarnpkg.com/isemail/-/isemail-3.1.0.tgz#d15156d67529d48241bc0e644df28281e21dd458"
  dependencies:
    punycode "2.x.x"

joi@13.x.x:
  version "13.1.1"
  resolved "https://registry.yarnpkg.com/joi/-/joi-13.1.1.tgz#1f306a5c3ded496da46629915d09e1ae3825185c"
  dependencies:
    hoek "5.x.x"
    isemail "3.x.x"
    topo "3.x.x"

mime-db@1.x.x:
  version "1.32.0"
  resolved "https://registry.yarnpkg.com/mime-db/-/mime-db-1.32.0.tgz#485b3848b01a3cda5f968b4882c0771e58e09414"

mimos@4.x.x:
  version "4.0.0"
  resolved "https://registry.yarnpkg.com/mimos/-/mimos-4.0.0.tgz#76e3d27128431cb6482fd15b20475719ad626a5a"
  dependencies:
    hoek "5.x.x"
    mime-db "1.x.x"

mongodb-core@2.1.18:
  version "2.1.18"
  resolved "https://registry.yarnpkg.com/mongodb-core/-/mongodb-core-2.1.18.tgz#4c46139bdf3a1f032ded91db49f38eec01659050"
  dependencies:
    bson "~1.0.4"
    require_optional "~1.0.0"

mongodb@^2.1.18:
  version "2.2.34"
  resolved "https://registry.yarnpkg.com/mongodb/-/mongodb-2.2.34.tgz#a34f59bbeb61754aec432de72c3fe21526a44c1a"
  dependencies:
    es6-promise "3.2.1"
    mongodb-core "2.1.18"
    readable-stream "2.2.7"

monk-middleware-cast-ids@^0.2.1:
  version "0.2.1"
  resolved "https://registry.yarnpkg.com/monk-middleware-cast-ids/-/monk-middleware-cast-ids-0.2.1.tgz#40c40e5a6cb33ccedc289220943275ee8861c529"

monk-middleware-fields@^0.2.0:
  version "0.2.0"
  resolved "https://registry.yarnpkg.com/monk-middleware-fields/-/monk-middleware-fields-0.2.0.tgz#ff637af35f5948879ccb2be15a91360911bea6c1"

monk-middleware-handle-callback@^0.2.0:
  version "0.2.2"
  resolved "https://registry.yarnpkg.com/monk-middleware-handle-callback/-/monk-middleware-handle-callback-0.2.2.tgz#47de6cc1248726c72a2be0c81bc4e68310c32146"

monk-middleware-options@^0.2.1:
  version "0.2.1"
  resolved "https://registry.yarnpkg.com/monk-middleware-options/-/monk-middleware-options-0.2.1.tgz#58dae1c518d46636ebdff506fadfc773bb442886"

monk-middleware-query@^0.2.0:
  version "0.2.0"
  resolved "https://registry.yarnpkg.com/monk-middleware-query/-/monk-middleware-query-0.2.0.tgz#a926c677d4a5620c62151b0a56d0c0c151675874"

monk-middleware-wait-for-connection@^0.2.0:
  version "0.2.0"
  resolved "https://registry.yarnpkg.com/monk-middleware-wait-for-connection/-/monk-middleware-wait-for-connection-0.2.0.tgz#312958d30e588b57d09754dd7c97b4843316835a"

monk@^6.0.5:
  version "6.0.5"
  resolved "https://registry.yarnpkg.com/monk/-/monk-6.0.5.tgz#a69be84e70ba4aa771b9619f7f73de965a50610a"
  dependencies:
    debug "*"
    mongodb "^2.1.18"
    monk-middleware-cast-ids "^0.2.1"
    monk-middleware-fields "^0.2.0"
    monk-middleware-handle-callback "^0.2.0"
    monk-middleware-options "^0.2.1"
    monk-middleware-query "^0.2.0"
    monk-middleware-wait-for-connection "^0.2.0"
    object-assign "^4.1.1"

ms@2.0.0:
  version "2.0.0"
  resolved "https://registry.yarnpkg.com/ms/-/ms-2.0.0.tgz#5608aeadfc00be6c2901df5f9861788de0d597c8"

nigel@3.x.x:
  version "3.0.0"
  resolved "https://registry.yarnpkg.com/nigel/-/nigel-3.0.0.tgz#a6e3378a8a34281e75ba1641e886a415d4be93ad"
  dependencies:
    hoek "5.x.x"
    vise "3.x.x"

object-assign@^4.1.1:
  version "4.1.1"
  resolved "https://registry.yarnpkg.com/object-assign/-/object-assign-4.1.1.tgz#2109adc7965887cfc05cbbd442cac8bfbb360863"

pez@4.x.x:
  version "4.0.1"
  resolved "https://registry.yarnpkg.com/pez/-/pez-4.0.1.tgz#d698ecf9a146c9188d74abe5cef7b5cb71deb3b5"
  dependencies:
    b64 "4.x.x"
    boom "7.x.x"
    content "4.x.x"
    hoek "5.x.x"
    nigel "3.x.x"

podium@3.x.x:
  version "3.1.2"
  resolved "https://registry.yarnpkg.com/podium/-/podium-3.1.2.tgz#b701429739cf6bdde6b3015ae6b48d400817ce9e"
  dependencies:
    hoek "5.x.x"
    joi "13.x.x"

process-nextick-args@~1.0.6:
  version "1.0.7"
  resolved "https://registry.yarnpkg.com/process-nextick-args/-/process-nextick-args-1.0.7.tgz#150e20b756590ad3f91093f25a4f2ad8bff30ba3"

punycode@2.x.x:
  version "2.1.0"
  resolved "https://registry.yarnpkg.com/punycode/-/punycode-2.1.0.tgz#5f863edc89b96db09074bad7947bf09056ca4e7d"

readable-stream@2.2.7:
  version "2.2.7"
  resolved "https://registry.yarnpkg.com/readable-stream/-/readable-stream-2.2.7.tgz#07057acbe2467b22042d36f98c5ad507054e95b1"
  dependencies:
    buffer-shims "~1.0.0"
    core-util-is "~1.0.0"
    inherits "~2.0.1"
    isarray "~1.0.0"
    process-nextick-args "~1.0.6"
    string_decoder "~1.0.0"
    util-deprecate "~1.0.1"

require_optional@~1.0.0:
  version "1.0.1"
  resolved "https://registry.yarnpkg.com/require_optional/-/require_optional-1.0.1.tgz#4cf35a4247f64ca3df8c2ef208cc494b1ca8fc2e"
  dependencies:
    resolve-from "^2.0.0"
    semver "^5.1.0"

resolve-from@^2.0.0:
  version "2.0.0"
  resolved "https://registry.yarnpkg.com/resolve-from/-/resolve-from-2.0.0.tgz#9480ab20e94ffa1d9e80a804c7ea147611966b57"

safe-buffer@~5.1.0:
  version "5.1.1"
  resolved "https://registry.yarnpkg.com/safe-buffer/-/safe-buffer-5.1.1.tgz#893312af69b2123def71f57889001671eeb2c853"

semver@^5.1.0:
  version "5.5.0"
  resolved "https://registry.yarnpkg.com/semver/-/semver-5.5.0.tgz#dc4bbc7a6ca9d916dee5d43516f0092b58f7b8ab"

shot@4.x.x:
  version "4.0.4"
  resolved "https://registry.yarnpkg.com/shot/-/shot-4.0.4.tgz#cb0d3f61f6588ee23c3eb077f87b17a100d581a2"
  dependencies:
    hoek "5.x.x"
    joi "13.x.x"

statehood@6.x.x:
  version "6.0.5"
  resolved "https://registry.yarnpkg.com/statehood/-/statehood-6.0.5.tgz#bbcdcb3a43a6fb86f4bd04ed48a9309b6cfc1b18"
  dependencies:
    boom "7.x.x"
    bounce "1.x.x"
    cryptiles "4.x.x"
    hoek "5.x.x"
    iron "5.x.x"
    joi "13.x.x"

string_decoder@~1.0.0:
  version "1.0.3"
  resolved "https://registry.yarnpkg.com/string_decoder/-/string_decoder-1.0.3.tgz#0fc67d7c141825de94282dd536bec6b9bce860ab"
  dependencies:
    safe-buffer "~5.1.0"

subtext@6.x.x:
  version "6.0.7"
  resolved "https://registry.yarnpkg.com/subtext/-/subtext-6.0.7.tgz#8e40a67901a734d598142665c90e398369b885f9"
  dependencies:
    boom "7.x.x"
    content "4.x.x"
    hoek "5.x.x"
    pez "4.x.x"
    wreck "14.x.x"

teamwork@3.x.x:
  version "3.0.1"
  resolved "https://registry.yarnpkg.com/teamwork/-/teamwork-3.0.1.tgz#ff38c7161f41f8070b7813716eb6154036ece196"

topo@3.x.x:
  version "3.0.0"
  resolved "https://registry.yarnpkg.com/topo/-/topo-3.0.0.tgz#37e48c330efeac784538e0acd3e62ca5e231fe7a"
  dependencies:
    hoek "5.x.x"

util-deprecate@~1.0.1:
  version "1.0.2"
  resolved "https://registry.yarnpkg.com/util-deprecate/-/util-deprecate-1.0.2.tgz#450d4dc9fa70de732762fbd2d4a28981419a0ccf"

vise@3.x.x:
  version "3.0.0"
  resolved "https://registry.yarnpkg.com/vise/-/vise-3.0.0.tgz#76ad14ab31669c50fbb0817bc0e72fedcbb3bf4c"
  dependencies:
    hoek "5.x.x"

wreck@14.x.x:
  version "14.0.2"
  resolved "https://registry.yarnpkg.com/wreck/-/wreck-14.0.2.tgz#89c17a9061c745ed1c3aebcb66ea181dbaab454c"
  dependencies:
    boom "7.x.x"
    hoek "5.x.x"
